// !$*UTF8*$!
{
	archiveVersion = 1;
	classes = {
	};
	objectVersion = 46;
	objects = {

/* Begin PBXBuildFile section */
		3F5C6BB8152FB77000835DBA /* UIKit.framework in Frameworks */ = {isa = PBXBuildFile; fileRef = 3F5C6BB7152FB77000835DBA /* UIKit.framework */; };
		3F5C6BBA152FB77000835DBA /* Foundation.framework in Frameworks */ = {isa = PBXBuildFile; fileRef = 3F5C6BB9152FB77000835DBA /* Foundation.framework */; };
		3F5C6BBC152FB77000835DBA /* CoreGraphics.framework in Frameworks */ = {isa = PBXBuildFile; fileRef = 3F5C6BBB152FB77000835DBA /* CoreGraphics.framework */; };
		3F5C6BC2152FB77000835DBA /* InfoPlist.strings in Resources */ = {isa = PBXBuildFile; fileRef = 3F5C6BC0152FB77000835DBA /* InfoPlist.strings */; };
		3F5C6BC4152FB77000835DBA /* main.m in Sources */ = {isa = PBXBuildFile; fileRef = 3F5C6BC3152FB77000835DBA /* main.m */; };
		3F5C6BC8152FB77000835DBA /* AppDelegate.m in Sources */ = {isa = PBXBuildFile; fileRef = 3F5C6BC7152FB77000835DBA /* AppDelegate.m */; };
		3F9C3566153FB4B5002FB67B /* SideTableViewController.m in Sources */ = {isa = PBXBuildFile; fileRef = 3F9C3565153FB4B5002FB67B /* SideTableViewController.m */; };
		3F9C3569153FBCB2002FB67B /* SemesterTableViewController.m in Sources */ = {isa = PBXBuildFile; fileRef = 3F9C3568153FBCB1002FB67B /* SemesterTableViewController.m */; };
		3FD0B4C91536608C00C938E2 /* ScheduleBuilderViewController.m in Sources */ = {isa = PBXBuildFile; fileRef = 3FD0B4C71536608C00C938E2 /* ScheduleBuilderViewController.m */; };
		3FD0B4CA1536608C00C938E2 /* test.xib in Resources */ = {isa = PBXBuildFile; fileRef = 3FD0B4C81536608C00C938E2 /* test.xib */; };
		E09988441533953000C56ADC /* LoginViewController.m in Sources */ = {isa = PBXBuildFile; fileRef = E09988421533953000C56ADC /* LoginViewController.m */; };
		E09988451533953000C56ADC /* LoginViewController.xib in Resources */ = {isa = PBXBuildFile; fileRef = E09988431533953000C56ADC /* LoginViewController.xib */; };
		E099884B1533954B00C56ADC /* NewStudentViewController.m in Sources */ = {isa = PBXBuildFile; fileRef = E09988491533954B00C56ADC /* NewStudentViewController.m */; };
		E099884C1533954B00C56ADC /* NewStudentViewController.xib in Resources */ = {isa = PBXBuildFile; fileRef = E099884A1533954B00C56ADC /* NewStudentViewController.xib */; };
		E301AC40153209F500EE05F9 /* StudentRepo.m in Sources */ = {isa = PBXBuildFile; fileRef = E301AC3F153209F500EE05F9 /* StudentRepo.m */; };
		E301AC4415320D2600EE05F9 /* SemesterRepo.m in Sources */ = {isa = PBXBuildFile; fileRef = E301AC4315320D2600EE05F9 /* SemesterRepo.m */; };
		E301AC5F15320DD600EE05F9 /* NSObject+SBJson.m in Sources */ = {isa = PBXBuildFile; fileRef = E301AC4715320DD600EE05F9 /* NSObject+SBJson.m */; };
		E301AC6015320DD600EE05F9 /* SBJsonParser.m in Sources */ = {isa = PBXBuildFile; fileRef = E301AC4A15320DD600EE05F9 /* SBJsonParser.m */; };
		E301AC6115320DD600EE05F9 /* SBJsonStreamParser.m in Sources */ = {isa = PBXBuildFile; fileRef = E301AC4C15320DD600EE05F9 /* SBJsonStreamParser.m */; };
		E301AC6215320DD600EE05F9 /* SBJsonStreamParserAccumulator.m in Sources */ = {isa = PBXBuildFile; fileRef = E301AC4E15320DD600EE05F9 /* SBJsonStreamParserAccumulator.m */; };
		E301AC6315320DD600EE05F9 /* SBJsonStreamParserAdapter.m in Sources */ = {isa = PBXBuildFile; fileRef = E301AC5015320DD600EE05F9 /* SBJsonStreamParserAdapter.m */; };
		E301AC6415320DD600EE05F9 /* SBJsonStreamParserState.m in Sources */ = {isa = PBXBuildFile; fileRef = E301AC5215320DD600EE05F9 /* SBJsonStreamParserState.m */; };
		E301AC6515320DD600EE05F9 /* SBJsonStreamWriter.m in Sources */ = {isa = PBXBuildFile; fileRef = E301AC5415320DD600EE05F9 /* SBJsonStreamWriter.m */; };
		E301AC6615320DD600EE05F9 /* SBJsonStreamWriterAccumulator.m in Sources */ = {isa = PBXBuildFile; fileRef = E301AC5615320DD600EE05F9 /* SBJsonStreamWriterAccumulator.m */; };
		E301AC6715320DD600EE05F9 /* SBJsonStreamWriterState.m in Sources */ = {isa = PBXBuildFile; fileRef = E301AC5815320DD600EE05F9 /* SBJsonStreamWriterState.m */; };
		E301AC6815320DD600EE05F9 /* SBJsonTokeniser.m in Sources */ = {isa = PBXBuildFile; fileRef = E301AC5A15320DD600EE05F9 /* SBJsonTokeniser.m */; };
		E301AC6915320DD600EE05F9 /* SBJsonUTF8Stream.m in Sources */ = {isa = PBXBuildFile; fileRef = E301AC5C15320DD600EE05F9 /* SBJsonUTF8Stream.m */; };
		E301AC6A15320DD600EE05F9 /* SBJsonWriter.m in Sources */ = {isa = PBXBuildFile; fileRef = E301AC5E15320DD600EE05F9 /* SBJsonWriter.m */; };
		E301AC6D15320F2200EE05F9 /* TemplateRepo.m in Sources */ = {isa = PBXBuildFile; fileRef = E301AC6C15320F2200EE05F9 /* TemplateRepo.m */; };
		E301AC701532128300EE05F9 /* DepartmentRepo.m in Sources */ = {isa = PBXBuildFile; fileRef = E301AC6F1532128200EE05F9 /* DepartmentRepo.m */; };
		E324D6AF1545BBF700CFA21D /* Area.m in Sources */ = {isa = PBXBuildFile; fileRef = E324D6AE1545BBF700CFA21D /* Area.m */; };
		E324D6B21545BC9000CFA21D /* AreaRepo.m in Sources */ = {isa = PBXBuildFile; fileRef = E324D6B11545BC9000CFA21D /* AreaRepo.m */; };
		E324D6B51545BD3200CFA21D /* GEPattern.m in Sources */ = {isa = PBXBuildFile; fileRef = E324D6B41545BD3200CFA21D /* GEPattern.m */; };
		E3861E401531642600D9073A /* Course.m in Sources */ = {isa = PBXBuildFile; fileRef = E3861E3F1531642600D9073A /* Course.m */; };
		E3861E431531647600D9073A /* Student.m in Sources */ = {isa = PBXBuildFile; fileRef = E3861E421531647600D9073A /* Student.m */; };
		E3861E47153167BF00D9073A /* Department.m in Sources */ = {isa = PBXBuildFile; fileRef = E3861E46153167BF00D9073A /* Department.m */; };
		E3861E4A153169CA00D9073A /* Template.m in Sources */ = {isa = PBXBuildFile; fileRef = E3861E49153169CA00D9073A /* Template.m */; };
		E3861E4D15316A8200D9073A /* Semester.m in Sources */ = {isa = PBXBuildFile; fileRef = E3861E4C15316A8200D9073A /* Semester.m */; };
		E39184A2153F6A120072B49B /* ConnectOptions.m in Sources */ = {isa = PBXBuildFile; fileRef = E39184A1153F6A120072B49B /* ConnectOptions.m */; };
		E39184D8153F6C6F0072B49B /* CFNetwork.framework in Frameworks */ = {isa = PBXBuildFile; fileRef = E39184D7153F6C6F0072B49B /* CFNetwork.framework */; };
		E39184DA153F6C920072B49B /* SystemConfiguration.framework in Frameworks */ = {isa = PBXBuildFile; fileRef = E39184D9153F6C920072B49B /* SystemConfiguration.framework */; };
		E39184DC153F6C9D0072B49B /* MobileCoreServices.framework in Frameworks */ = {isa = PBXBuildFile; fileRef = E39184DB153F6C9D0072B49B /* MobileCoreServices.framework */; };
		E39184DE153F6CAC0072B49B /* libz.dylib in Frameworks */ = {isa = PBXBuildFile; fileRef = E39184DD153F6CAB0072B49B /* libz.dylib */; };
		E39184F6153F6E640072B49B /* ASIAuthenticationDialog.m in Sources */ = {isa = PBXBuildFile; fileRef = E39184E1153F6E640072B49B /* ASIAuthenticationDialog.m */; };
		E39184F7153F6E640072B49B /* ASIDataCompressor.m in Sources */ = {isa = PBXBuildFile; fileRef = E39184E4153F6E640072B49B /* ASIDataCompressor.m */; };
		E39184F8153F6E640072B49B /* ASIDataDecompressor.m in Sources */ = {isa = PBXBuildFile; fileRef = E39184E6153F6E640072B49B /* ASIDataDecompressor.m */; };
		E39184F9153F6E640072B49B /* ASIDownloadCache.m in Sources */ = {isa = PBXBuildFile; fileRef = E39184E8153F6E640072B49B /* ASIDownloadCache.m */; };
		E39184FA153F6E640072B49B /* ASIFormDataRequest.m in Sources */ = {isa = PBXBuildFile; fileRef = E39184EA153F6E640072B49B /* ASIFormDataRequest.m */; };
		E39184FB153F6E640072B49B /* ASIHTTPRequest.m in Sources */ = {isa = PBXBuildFile; fileRef = E39184EC153F6E640072B49B /* ASIHTTPRequest.m */; };
		E39184FC153F6E640072B49B /* ASIInputStream.m in Sources */ = {isa = PBXBuildFile; fileRef = E39184F0153F6E640072B49B /* ASIInputStream.m */; };
		E39184FD153F6E640072B49B /* ASINetworkQueue.m in Sources */ = {isa = PBXBuildFile; fileRef = E39184F2153F6E640072B49B /* ASINetworkQueue.m */; };
		E39184FE153F6E640072B49B /* Reachability.m in Sources */ = {isa = PBXBuildFile; fileRef = E39184F5153F6E640072B49B /* Reachability.m */; };
		E3A28009153617BF00053E40 /* Repo.m in Sources */ = {isa = PBXBuildFile; fileRef = E3A28008153617BE00053E40 /* Repo.m */; };
		E3CB4F181531753400D766DD /* SemesterDate.m in Sources */ = {isa = PBXBuildFile; fileRef = E3CB4F171531753400D766DD /* SemesterDate.m */; };
		E3CB4F221531758100D766DD /* CourseDetailViewController.m in Sources */ = {isa = PBXBuildFile; fileRef = E3CB4F201531758100D766DD /* CourseDetailViewController.m */; };
		E3CB4F231531758100D766DD /* CourseDetailViewController.xib in Resources */ = {isa = PBXBuildFile; fileRef = E3CB4F211531758100D766DD /* CourseDetailViewController.xib */; };
		E3CF9A4E1541C9490091EBBE /* CourseRepo.m in Sources */ = {isa = PBXBuildFile; fileRef = E3CF9A4D1541C9490091EBBE /* CourseRepo.m */; };
		E3CF9A551541DBC50091EBBE /* NSMutableDictionary+setInt.m in Sources */ = {isa = PBXBuildFile; fileRef = E3CF9A541541DBC50091EBBE /* NSMutableDictionary+setInt.m */; };
/* End PBXBuildFile section */

/* Begin PBXFileReference section */
		3F5C6BB3152FB77000835DBA /* AdvisingAsistant.app */ = {isa = PBXFileReference; explicitFileType = wrapper.application; includeInIndex = 0; path = AdvisingAsistant.app; sourceTree = BUILT_PRODUCTS_DIR; };
		3F5C6BB7152FB77000835DBA /* UIKit.framework */ = {isa = PBXFileReference; lastKnownFileType = wrapper.framework; name = UIKit.framework; path = System/Library/Frameworks/UIKit.framework; sourceTree = SDKROOT; };
		3F5C6BB9152FB77000835DBA /* Foundation.framework */ = {isa = PBXFileReference; lastKnownFileType = wrapper.framework; name = Foundation.framework; path = System/Library/Frameworks/Foundation.framework; sourceTree = SDKROOT; };
		3F5C6BBB152FB77000835DBA /* CoreGraphics.framework */ = {isa = PBXFileReference; lastKnownFileType = wrapper.framework; name = CoreGraphics.framework; path = System/Library/Frameworks/CoreGraphics.framework; sourceTree = SDKROOT; };
		3F5C6BBF152FB77000835DBA /* AdvisingAsistant-Info.plist */ = {isa = PBXFileReference; lastKnownFileType = text.plist.xml; path = "AdvisingAsistant-Info.plist"; sourceTree = "<group>"; };
		3F5C6BC1152FB77000835DBA /* en */ = {isa = PBXFileReference; lastKnownFileType = text.plist.strings; name = en; path = en.lproj/InfoPlist.strings; sourceTree = "<group>"; };
		3F5C6BC3152FB77000835DBA /* main.m */ = {isa = PBXFileReference; lastKnownFileType = sourcecode.c.objc; path = main.m; sourceTree = "<group>"; };
		3F5C6BC5152FB77000835DBA /* AdvisingAsistant-Prefix.pch */ = {isa = PBXFileReference; lastKnownFileType = sourcecode.c.h; path = "AdvisingAsistant-Prefix.pch"; sourceTree = "<group>"; };
		3F5C6BC6152FB77000835DBA /* AppDelegate.h */ = {isa = PBXFileReference; lastKnownFileType = sourcecode.c.h; path = AppDelegate.h; sourceTree = "<group>"; };
		3F5C6BC7152FB77000835DBA /* AppDelegate.m */ = {isa = PBXFileReference; lastKnownFileType = sourcecode.c.objc; path = AppDelegate.m; sourceTree = "<group>"; };
		3F9C3564153FB4B5002FB67B /* SideTableViewController.h */ = {isa = PBXFileReference; fileEncoding = 4; lastKnownFileType = sourcecode.c.h; path = SideTableViewController.h; sourceTree = "<group>"; };
		3F9C3565153FB4B5002FB67B /* SideTableViewController.m */ = {isa = PBXFileReference; fileEncoding = 4; lastKnownFileType = sourcecode.c.objc; path = SideTableViewController.m; sourceTree = "<group>"; };
		3F9C3567153FBCB1002FB67B /* SemesterTableViewController.h */ = {isa = PBXFileReference; fileEncoding = 4; lastKnownFileType = sourcecode.c.h; path = SemesterTableViewController.h; sourceTree = "<group>"; };
		3F9C3568153FBCB1002FB67B /* SemesterTableViewController.m */ = {isa = PBXFileReference; fileEncoding = 4; lastKnownFileType = sourcecode.c.objc; path = SemesterTableViewController.m; sourceTree = "<group>"; };
		3FD0B4C61536608C00C938E2 /* ScheduleBuilderViewController.h */ = {isa = PBXFileReference; fileEncoding = 4; lastKnownFileType = sourcecode.c.h; path = ScheduleBuilderViewController.h; sourceTree = "<group>"; };
		3FD0B4C71536608C00C938E2 /* ScheduleBuilderViewController.m */ = {isa = PBXFileReference; fileEncoding = 4; lastKnownFileType = sourcecode.c.objc; path = ScheduleBuilderViewController.m; sourceTree = "<group>"; };
		3FD0B4C81536608C00C938E2 /* test.xib */ = {isa = PBXFileReference; fileEncoding = 4; lastKnownFileType = file.xib; path = test.xib; sourceTree = "<group>"; };
		E09988411533953000C56ADC /* LoginViewController.h */ = {isa = PBXFileReference; fileEncoding = 4; lastKnownFileType = sourcecode.c.h; path = LoginViewController.h; sourceTree = "<group>"; };
		E09988421533953000C56ADC /* LoginViewController.m */ = {isa = PBXFileReference; fileEncoding = 4; lastKnownFileType = sourcecode.c.objc; path = LoginViewController.m; sourceTree = "<group>"; };
		E09988431533953000C56ADC /* LoginViewController.xib */ = {isa = PBXFileReference; fileEncoding = 4; lastKnownFileType = file.xib; path = LoginViewController.xib; sourceTree = "<group>"; };
		E09988481533954B00C56ADC /* NewStudentViewController.h */ = {isa = PBXFileReference; fileEncoding = 4; lastKnownFileType = sourcecode.c.h; path = NewStudentViewController.h; sourceTree = "<group>"; };
		E09988491533954B00C56ADC /* NewStudentViewController.m */ = {isa = PBXFileReference; fileEncoding = 4; lastKnownFileType = sourcecode.c.objc; path = NewStudentViewController.m; sourceTree = "<group>"; };
		E099884A1533954B00C56ADC /* NewStudentViewController.xib */ = {isa = PBXFileReference; fileEncoding = 4; lastKnownFileType = file.xib; path = NewStudentViewController.xib; sourceTree = "<group>"; };
		E301AC3E153209F500EE05F9 /* StudentRepo.h */ = {isa = PBXFileReference; fileEncoding = 4; lastKnownFileType = sourcecode.c.h; path = StudentRepo.h; sourceTree = "<group>"; };
		E301AC3F153209F500EE05F9 /* StudentRepo.m */ = {isa = PBXFileReference; fileEncoding = 4; lastKnownFileType = sourcecode.c.objc; path = StudentRepo.m; sourceTree = "<group>"; };
		E301AC4215320D2600EE05F9 /* SemesterRepo.h */ = {isa = PBXFileReference; fileEncoding = 4; lastKnownFileType = sourcecode.c.h; path = SemesterRepo.h; sourceTree = "<group>"; };
		E301AC4315320D2600EE05F9 /* SemesterRepo.m */ = {isa = PBXFileReference; fileEncoding = 4; lastKnownFileType = sourcecode.c.objc; path = SemesterRepo.m; sourceTree = "<group>"; };
		E301AC4615320DD600EE05F9 /* NSObject+SBJson.h */ = {isa = PBXFileReference; fileEncoding = 4; lastKnownFileType = sourcecode.c.h; path = "NSObject+SBJson.h"; sourceTree = "<group>"; };
		E301AC4715320DD600EE05F9 /* NSObject+SBJson.m */ = {isa = PBXFileReference; fileEncoding = 4; lastKnownFileType = sourcecode.c.objc; path = "NSObject+SBJson.m"; sourceTree = "<group>"; };
		E301AC4815320DD600EE05F9 /* SBJson.h */ = {isa = PBXFileReference; fileEncoding = 4; lastKnownFileType = sourcecode.c.h; path = SBJson.h; sourceTree = "<group>"; };
		E301AC4915320DD600EE05F9 /* SBJsonParser.h */ = {isa = PBXFileReference; fileEncoding = 4; lastKnownFileType = sourcecode.c.h; path = SBJsonParser.h; sourceTree = "<group>"; };
		E301AC4A15320DD600EE05F9 /* SBJsonParser.m */ = {isa = PBXFileReference; fileEncoding = 4; lastKnownFileType = sourcecode.c.objc; path = SBJsonParser.m; sourceTree = "<group>"; };
		E301AC4B15320DD600EE05F9 /* SBJsonStreamParser.h */ = {isa = PBXFileReference; fileEncoding = 4; lastKnownFileType = sourcecode.c.h; path = SBJsonStreamParser.h; sourceTree = "<group>"; };
		E301AC4C15320DD600EE05F9 /* SBJsonStreamParser.m */ = {isa = PBXFileReference; fileEncoding = 4; lastKnownFileType = sourcecode.c.objc; path = SBJsonStreamParser.m; sourceTree = "<group>"; };
		E301AC4D15320DD600EE05F9 /* SBJsonStreamParserAccumulator.h */ = {isa = PBXFileReference; fileEncoding = 4; lastKnownFileType = sourcecode.c.h; path = SBJsonStreamParserAccumulator.h; sourceTree = "<group>"; };
		E301AC4E15320DD600EE05F9 /* SBJsonStreamParserAccumulator.m */ = {isa = PBXFileReference; fileEncoding = 4; lastKnownFileType = sourcecode.c.objc; path = SBJsonStreamParserAccumulator.m; sourceTree = "<group>"; };
		E301AC4F15320DD600EE05F9 /* SBJsonStreamParserAdapter.h */ = {isa = PBXFileReference; fileEncoding = 4; lastKnownFileType = sourcecode.c.h; path = SBJsonStreamParserAdapter.h; sourceTree = "<group>"; };
		E301AC5015320DD600EE05F9 /* SBJsonStreamParserAdapter.m */ = {isa = PBXFileReference; fileEncoding = 4; lastKnownFileType = sourcecode.c.objc; path = SBJsonStreamParserAdapter.m; sourceTree = "<group>"; };
		E301AC5115320DD600EE05F9 /* SBJsonStreamParserState.h */ = {isa = PBXFileReference; fileEncoding = 4; lastKnownFileType = sourcecode.c.h; path = SBJsonStreamParserState.h; sourceTree = "<group>"; };
		E301AC5215320DD600EE05F9 /* SBJsonStreamParserState.m */ = {isa = PBXFileReference; fileEncoding = 4; lastKnownFileType = sourcecode.c.objc; path = SBJsonStreamParserState.m; sourceTree = "<group>"; };
		E301AC5315320DD600EE05F9 /* SBJsonStreamWriter.h */ = {isa = PBXFileReference; fileEncoding = 4; lastKnownFileType = sourcecode.c.h; path = SBJsonStreamWriter.h; sourceTree = "<group>"; };
		E301AC5415320DD600EE05F9 /* SBJsonStreamWriter.m */ = {isa = PBXFileReference; fileEncoding = 4; lastKnownFileType = sourcecode.c.objc; path = SBJsonStreamWriter.m; sourceTree = "<group>"; };
		E301AC5515320DD600EE05F9 /* SBJsonStreamWriterAccumulator.h */ = {isa = PBXFileReference; fileEncoding = 4; lastKnownFileType = sourcecode.c.h; path = SBJsonStreamWriterAccumulator.h; sourceTree = "<group>"; };
		E301AC5615320DD600EE05F9 /* SBJsonStreamWriterAccumulator.m */ = {isa = PBXFileReference; fileEncoding = 4; lastKnownFileType = sourcecode.c.objc; path = SBJsonStreamWriterAccumulator.m; sourceTree = "<group>"; };
		E301AC5715320DD600EE05F9 /* SBJsonStreamWriterState.h */ = {isa = PBXFileReference; fileEncoding = 4; lastKnownFileType = sourcecode.c.h; path = SBJsonStreamWriterState.h; sourceTree = "<group>"; };
		E301AC5815320DD600EE05F9 /* SBJsonStreamWriterState.m */ = {isa = PBXFileReference; fileEncoding = 4; lastKnownFileType = sourcecode.c.objc; path = SBJsonStreamWriterState.m; sourceTree = "<group>"; };
		E301AC5915320DD600EE05F9 /* SBJsonTokeniser.h */ = {isa = PBXFileReference; fileEncoding = 4; lastKnownFileType = sourcecode.c.h; path = SBJsonTokeniser.h; sourceTree = "<group>"; };
		E301AC5A15320DD600EE05F9 /* SBJsonTokeniser.m */ = {isa = PBXFileReference; fileEncoding = 4; lastKnownFileType = sourcecode.c.objc; path = SBJsonTokeniser.m; sourceTree = "<group>"; };
		E301AC5B15320DD600EE05F9 /* SBJsonUTF8Stream.h */ = {isa = PBXFileReference; fileEncoding = 4; lastKnownFileType = sourcecode.c.h; path = SBJsonUTF8Stream.h; sourceTree = "<group>"; };
		E301AC5C15320DD600EE05F9 /* SBJsonUTF8Stream.m */ = {isa = PBXFileReference; fileEncoding = 4; lastKnownFileType = sourcecode.c.objc; path = SBJsonUTF8Stream.m; sourceTree = "<group>"; };
		E301AC5D15320DD600EE05F9 /* SBJsonWriter.h */ = {isa = PBXFileReference; fileEncoding = 4; lastKnownFileType = sourcecode.c.h; path = SBJsonWriter.h; sourceTree = "<group>"; };
		E301AC5E15320DD600EE05F9 /* SBJsonWriter.m */ = {isa = PBXFileReference; fileEncoding = 4; lastKnownFileType = sourcecode.c.objc; path = SBJsonWriter.m; sourceTree = "<group>"; };
		E301AC6B15320F2200EE05F9 /* TemplateRepo.h */ = {isa = PBXFileReference; fileEncoding = 4; lastKnownFileType = sourcecode.c.h; path = TemplateRepo.h; sourceTree = "<group>"; };
		E301AC6C15320F2200EE05F9 /* TemplateRepo.m */ = {isa = PBXFileReference; fileEncoding = 4; lastKnownFileType = sourcecode.c.objc; path = TemplateRepo.m; sourceTree = "<group>"; };
		E301AC6E1532128200EE05F9 /* DepartmentRepo.h */ = {isa = PBXFileReference; fileEncoding = 4; lastKnownFileType = sourcecode.c.h; path = DepartmentRepo.h; sourceTree = "<group>"; };
		E301AC6F1532128200EE05F9 /* DepartmentRepo.m */ = {isa = PBXFileReference; fileEncoding = 4; lastKnownFileType = sourcecode.c.objc; path = DepartmentRepo.m; sourceTree = "<group>"; };
		E324D6AD1545BBF700CFA21D /* Area.h */ = {isa = PBXFileReference; fileEncoding = 4; lastKnownFileType = sourcecode.c.h; path = Area.h; sourceTree = "<group>"; };
		E324D6AE1545BBF700CFA21D /* Area.m */ = {isa = PBXFileReference; fileEncoding = 4; lastKnownFileType = sourcecode.c.objc; path = Area.m; sourceTree = "<group>"; };
		E324D6B01545BC9000CFA21D /* AreaRepo.h */ = {isa = PBXFileReference; fileEncoding = 4; lastKnownFileType = sourcecode.c.h; path = AreaRepo.h; sourceTree = "<group>"; };
		E324D6B11545BC9000CFA21D /* AreaRepo.m */ = {isa = PBXFileReference; fileEncoding = 4; lastKnownFileType = sourcecode.c.objc; path = AreaRepo.m; sourceTree = "<group>"; };
		E324D6B31545BD3200CFA21D /* GEPattern.h */ = {isa = PBXFileReference; fileEncoding = 4; lastKnownFileType = sourcecode.c.h; path = GEPattern.h; sourceTree = "<group>"; };
		E324D6B41545BD3200CFA21D /* GEPattern.m */ = {isa = PBXFileReference; fileEncoding = 4; lastKnownFileType = sourcecode.c.objc; path = GEPattern.m; sourceTree = "<group>"; };
		E3861E3E1531642600D9073A /* Course.h */ = {isa = PBXFileReference; fileEncoding = 4; lastKnownFileType = sourcecode.c.h; path = Course.h; sourceTree = "<group>"; };
		E3861E3F1531642600D9073A /* Course.m */ = {isa = PBXFileReference; fileEncoding = 4; lastKnownFileType = sourcecode.c.objc; path = Course.m; sourceTree = "<group>"; };
		E3861E411531647600D9073A /* Student.h */ = {isa = PBXFileReference; fileEncoding = 4; lastKnownFileType = sourcecode.c.h; path = Student.h; sourceTree = "<group>"; };
		E3861E421531647600D9073A /* Student.m */ = {isa = PBXFileReference; fileEncoding = 4; lastKnownFileType = sourcecode.c.objc; path = Student.m; sourceTree = "<group>"; };
		E3861E441531658700D9073A /* SemesterDate.h */ = {isa = PBXFileReference; fileEncoding = 4; lastKnownFileType = sourcecode.c.h; path = SemesterDate.h; sourceTree = "<group>"; };
		E3861E45153167BF00D9073A /* Department.h */ = {isa = PBXFileReference; fileEncoding = 4; lastKnownFileType = sourcecode.c.h; path = Department.h; sourceTree = "<group>"; };
		E3861E46153167BF00D9073A /* Department.m */ = {isa = PBXFileReference; fileEncoding = 4; lastKnownFileType = sourcecode.c.objc; path = Department.m; sourceTree = "<group>"; };
		E3861E48153169C900D9073A /* Template.h */ = {isa = PBXFileReference; fileEncoding = 4; lastKnownFileType = sourcecode.c.h; path = Template.h; sourceTree = "<group>"; };
		E3861E49153169CA00D9073A /* Template.m */ = {isa = PBXFileReference; fileEncoding = 4; lastKnownFileType = sourcecode.c.objc; path = Template.m; sourceTree = "<group>"; };
		E3861E4B15316A8200D9073A /* Semester.h */ = {isa = PBXFileReference; fileEncoding = 4; lastKnownFileType = sourcecode.c.h; path = Semester.h; sourceTree = "<group>"; };
		E3861E4C15316A8200D9073A /* Semester.m */ = {isa = PBXFileReference; fileEncoding = 4; lastKnownFileType = sourcecode.c.objc; path = Semester.m; sourceTree = "<group>"; };
		E39184A0153F6A120072B49B /* ConnectOptions.h */ = {isa = PBXFileReference; fileEncoding = 4; lastKnownFileType = sourcecode.c.h; path = ConnectOptions.h; sourceTree = "<group>"; };
		E39184A1153F6A120072B49B /* ConnectOptions.m */ = {isa = PBXFileReference; fileEncoding = 4; lastKnownFileType = sourcecode.c.objc; path = ConnectOptions.m; sourceTree = "<group>"; };
		E39184D7153F6C6F0072B49B /* CFNetwork.framework */ = {isa = PBXFileReference; lastKnownFileType = wrapper.framework; name = CFNetwork.framework; path = System/Library/Frameworks/CFNetwork.framework; sourceTree = SDKROOT; };
		E39184D9153F6C920072B49B /* SystemConfiguration.framework */ = {isa = PBXFileReference; lastKnownFileType = wrapper.framework; name = SystemConfiguration.framework; path = System/Library/Frameworks/SystemConfiguration.framework; sourceTree = SDKROOT; };
		E39184DB153F6C9D0072B49B /* MobileCoreServices.framework */ = {isa = PBXFileReference; lastKnownFileType = wrapper.framework; name = MobileCoreServices.framework; path = System/Library/Frameworks/MobileCoreServices.framework; sourceTree = SDKROOT; };
		E39184DD153F6CAB0072B49B /* libz.dylib */ = {isa = PBXFileReference; lastKnownFileType = "compiled.mach-o.dylib"; name = libz.dylib; path = usr/lib/libz.dylib; sourceTree = SDKROOT; };
		E39184E0153F6E640072B49B /* ASIAuthenticationDialog.h */ = {isa = PBXFileReference; fileEncoding = 4; lastKnownFileType = sourcecode.c.h; path = ASIAuthenticationDialog.h; sourceTree = "<group>"; };
		E39184E1153F6E640072B49B /* ASIAuthenticationDialog.m */ = {isa = PBXFileReference; fileEncoding = 4; lastKnownFileType = sourcecode.c.objc; path = ASIAuthenticationDialog.m; sourceTree = "<group>"; };
		E39184E2153F6E640072B49B /* ASICacheDelegate.h */ = {isa = PBXFileReference; fileEncoding = 4; lastKnownFileType = sourcecode.c.h; path = ASICacheDelegate.h; sourceTree = "<group>"; };
		E39184E3153F6E640072B49B /* ASIDataCompressor.h */ = {isa = PBXFileReference; fileEncoding = 4; lastKnownFileType = sourcecode.c.h; path = ASIDataCompressor.h; sourceTree = "<group>"; };
		E39184E4153F6E640072B49B /* ASIDataCompressor.m */ = {isa = PBXFileReference; fileEncoding = 4; lastKnownFileType = sourcecode.c.objc; path = ASIDataCompressor.m; sourceTree = "<group>"; };
		E39184E5153F6E640072B49B /* ASIDataDecompressor.h */ = {isa = PBXFileReference; fileEncoding = 4; lastKnownFileType = sourcecode.c.h; path = ASIDataDecompressor.h; sourceTree = "<group>"; };
		E39184E6153F6E640072B49B /* ASIDataDecompressor.m */ = {isa = PBXFileReference; fileEncoding = 4; lastKnownFileType = sourcecode.c.objc; path = ASIDataDecompressor.m; sourceTree = "<group>"; };
		E39184E7153F6E640072B49B /* ASIDownloadCache.h */ = {isa = PBXFileReference; fileEncoding = 4; lastKnownFileType = sourcecode.c.h; path = ASIDownloadCache.h; sourceTree = "<group>"; };
		E39184E8153F6E640072B49B /* ASIDownloadCache.m */ = {isa = PBXFileReference; fileEncoding = 4; lastKnownFileType = sourcecode.c.objc; path = ASIDownloadCache.m; sourceTree = "<group>"; };
		E39184E9153F6E640072B49B /* ASIFormDataRequest.h */ = {isa = PBXFileReference; fileEncoding = 4; lastKnownFileType = sourcecode.c.h; path = ASIFormDataRequest.h; sourceTree = "<group>"; };
		E39184EA153F6E640072B49B /* ASIFormDataRequest.m */ = {isa = PBXFileReference; fileEncoding = 4; lastKnownFileType = sourcecode.c.objc; path = ASIFormDataRequest.m; sourceTree = "<group>"; };
		E39184EB153F6E640072B49B /* ASIHTTPRequest.h */ = {isa = PBXFileReference; fileEncoding = 4; lastKnownFileType = sourcecode.c.h; path = ASIHTTPRequest.h; sourceTree = "<group>"; };
		E39184EC153F6E640072B49B /* ASIHTTPRequest.m */ = {isa = PBXFileReference; fileEncoding = 4; lastKnownFileType = sourcecode.c.objc; path = ASIHTTPRequest.m; sourceTree = "<group>"; };
		E39184ED153F6E640072B49B /* ASIHTTPRequestConfig.h */ = {isa = PBXFileReference; fileEncoding = 4; lastKnownFileType = sourcecode.c.h; path = ASIHTTPRequestConfig.h; sourceTree = "<group>"; };
		E39184EE153F6E640072B49B /* ASIHTTPRequestDelegate.h */ = {isa = PBXFileReference; fileEncoding = 4; lastKnownFileType = sourcecode.c.h; path = ASIHTTPRequestDelegate.h; sourceTree = "<group>"; };
		E39184EF153F6E640072B49B /* ASIInputStream.h */ = {isa = PBXFileReference; fileEncoding = 4; lastKnownFileType = sourcecode.c.h; path = ASIInputStream.h; sourceTree = "<group>"; };
		E39184F0153F6E640072B49B /* ASIInputStream.m */ = {isa = PBXFileReference; fileEncoding = 4; lastKnownFileType = sourcecode.c.objc; path = ASIInputStream.m; sourceTree = "<group>"; };
		E39184F1153F6E640072B49B /* ASINetworkQueue.h */ = {isa = PBXFileReference; fileEncoding = 4; lastKnownFileType = sourcecode.c.h; path = ASINetworkQueue.h; sourceTree = "<group>"; };
		E39184F2153F6E640072B49B /* ASINetworkQueue.m */ = {isa = PBXFileReference; fileEncoding = 4; lastKnownFileType = sourcecode.c.objc; path = ASINetworkQueue.m; sourceTree = "<group>"; };
		E39184F3153F6E640072B49B /* ASIProgressDelegate.h */ = {isa = PBXFileReference; fileEncoding = 4; lastKnownFileType = sourcecode.c.h; path = ASIProgressDelegate.h; sourceTree = "<group>"; };
		E39184F4153F6E640072B49B /* Reachability.h */ = {isa = PBXFileReference; fileEncoding = 4; lastKnownFileType = sourcecode.c.h; path = Reachability.h; sourceTree = "<group>"; };
		E39184F5153F6E640072B49B /* Reachability.m */ = {isa = PBXFileReference; fileEncoding = 4; lastKnownFileType = sourcecode.c.objc; path = Reachability.m; sourceTree = "<group>"; };
		E3A28007153617BE00053E40 /* Repo.h */ = {isa = PBXFileReference; fileEncoding = 4; lastKnownFileType = sourcecode.c.h; path = Repo.h; sourceTree = "<group>"; };
		E3A28008153617BE00053E40 /* Repo.m */ = {isa = PBXFileReference; fileEncoding = 4; indentWidth = 4; lastKnownFileType = sourcecode.c.objc; path = Repo.m; sourceTree = "<group>"; };
		E3CB4F171531753400D766DD /* SemesterDate.m */ = {isa = PBXFileReference; fileEncoding = 4; lastKnownFileType = sourcecode.c.objc; path = SemesterDate.m; sourceTree = "<group>"; };
		E3CB4F1F1531758100D766DD /* CourseDetailViewController.h */ = {isa = PBXFileReference; fileEncoding = 4; lastKnownFileType = sourcecode.c.h; path = CourseDetailViewController.h; sourceTree = "<group>"; };
		E3CB4F201531758100D766DD /* CourseDetailViewController.m */ = {isa = PBXFileReference; fileEncoding = 4; lastKnownFileType = sourcecode.c.objc; path = CourseDetailViewController.m; sourceTree = "<group>"; };
		E3CB4F211531758100D766DD /* CourseDetailViewController.xib */ = {isa = PBXFileReference; fileEncoding = 4; lastKnownFileType = file.xib; path = CourseDetailViewController.xib; sourceTree = "<group>"; };
		E3CF9A4C1541C9490091EBBE /* CourseRepo.h */ = {isa = PBXFileReference; fileEncoding = 4; lastKnownFileType = sourcecode.c.h; path = CourseRepo.h; sourceTree = "<group>"; };
		E3CF9A4D1541C9490091EBBE /* CourseRepo.m */ = {isa = PBXFileReference; fileEncoding = 4; lastKnownFileType = sourcecode.c.objc; path = CourseRepo.m; sourceTree = "<group>"; };
		E3CF9A531541DBC50091EBBE /* NSMutableDictionary+setInt.h */ = {isa = PBXFileReference; fileEncoding = 4; lastKnownFileType = sourcecode.c.h; path = "NSMutableDictionary+setInt.h"; sourceTree = "<group>"; };
		E3CF9A541541DBC50091EBBE /* NSMutableDictionary+setInt.m */ = {isa = PBXFileReference; fileEncoding = 4; lastKnownFileType = sourcecode.c.objc; path = "NSMutableDictionary+setInt.m"; sourceTree = "<group>"; };
/* End PBXFileReference section */

/* Begin PBXFrameworksBuildPhase section */
		3F5C6BB0152FB77000835DBA /* Frameworks */ = {
			isa = PBXFrameworksBuildPhase;
			buildActionMask = 2147483647;
			files = (
				E39184DE153F6CAC0072B49B /* libz.dylib in Frameworks */,
				E39184DC153F6C9D0072B49B /* MobileCoreServices.framework in Frameworks */,
				E39184DA153F6C920072B49B /* SystemConfiguration.framework in Frameworks */,
				E39184D8153F6C6F0072B49B /* CFNetwork.framework in Frameworks */,
				3F5C6BB8152FB77000835DBA /* UIKit.framework in Frameworks */,
				3F5C6BBA152FB77000835DBA /* Foundation.framework in Frameworks */,
				3F5C6BBC152FB77000835DBA /* CoreGraphics.framework in Frameworks */,
			);
			runOnlyForDeploymentPostprocessing = 0;
		};
/* End PBXFrameworksBuildPhase section */

/* Begin PBXGroup section */
		3F5C6BA8152FB77000835DBA = {
			isa = PBXGroup;
			children = (
				3F5C6BBD152FB77000835DBA /* AdvisingAsistant */,
				3F5C6BB6152FB77000835DBA /* Frameworks */,
				3F5C6BB4152FB77000835DBA /* Products */,
			);
			sourceTree = "<group>";
		};
		3F5C6BB4152FB77000835DBA /* Products */ = {
			isa = PBXGroup;
			children = (
				3F5C6BB3152FB77000835DBA /* AdvisingAsistant.app */,
			);
			name = Products;
			sourceTree = "<group>";
		};
		3F5C6BB6152FB77000835DBA /* Frameworks */ = {
			isa = PBXGroup;
			children = (
				E39184DD153F6CAB0072B49B /* libz.dylib */,
				E39184DB153F6C9D0072B49B /* MobileCoreServices.framework */,
				E39184D9153F6C920072B49B /* SystemConfiguration.framework */,
				E39184D7153F6C6F0072B49B /* CFNetwork.framework */,
				3F5C6BB7152FB77000835DBA /* UIKit.framework */,
				3F5C6BB9152FB77000835DBA /* Foundation.framework */,
				3F5C6BBB152FB77000835DBA /* CoreGraphics.framework */,
			);
			name = Frameworks;
			sourceTree = "<group>";
		};
		3F5C6BBD152FB77000835DBA /* AdvisingAsistant */ = {
			isa = PBXGroup;
			children = (
				E3861E3C153163F700D9073A /* Model */,
				E3CB4F1A1531756900D766DD /* DanielsWork */,
				E099884D1533955100C56ADC /* NewStudentViewController */,
				E09988471533953600C56ADC /* LoginViewController */,
				3F5C6BE6152FC27100835DBA /* ScheduleBuilderView */,
				3F5C6BBE152FB77000835DBA /* Supporting Files */,
				3F5C6BC6152FB77000835DBA /* AppDelegate.h */,
				3F5C6BC7152FB77000835DBA /* AppDelegate.m */,
			);
			path = AdvisingAsistant;
			sourceTree = "<group>";
		};
		3F5C6BBE152FB77000835DBA /* Supporting Files */ = {
			isa = PBXGroup;
			children = (
				E39184DF153F6E640072B49B /* ASIHttpRequest */,
				E301AC4515320DC000EE05F9 /* SBJSON */,
				3F5C6BC5152FB77000835DBA /* AdvisingAsistant-Prefix.pch */,
				3F5C6BBF152FB77000835DBA /* AdvisingAsistant-Info.plist */,
				3F5C6BC0152FB77000835DBA /* InfoPlist.strings */,
				3F5C6BC3152FB77000835DBA /* main.m */,
				E3CF9A531541DBC50091EBBE /* NSMutableDictionary+setInt.h */,
				E3CF9A541541DBC50091EBBE /* NSMutableDictionary+setInt.m */,
			);
			name = "Supporting Files";
			sourceTree = "<group>";
		};
		3F5C6BE6152FC27100835DBA /* ScheduleBuilderView */ = {
			isa = PBXGroup;
			children = (
				3FD0B4CB1536608F00C938E2 /* Main */,
			);
			name = ScheduleBuilderView;
			sourceTree = "<group>";
		};
		3FD0B4CB1536608F00C938E2 /* Main */ = {
			isa = PBXGroup;
			children = (
				3FD0B4C61536608C00C938E2 /* ScheduleBuilderViewController.h */,
				3FD0B4C71536608C00C938E2 /* ScheduleBuilderViewController.m */,
				3FD0B4C81536608C00C938E2 /* test.xib */,
				3F9C3564153FB4B5002FB67B /* SideTableViewController.h */,
				3F9C3565153FB4B5002FB67B /* SideTableViewController.m */,
				3F9C3567153FBCB1002FB67B /* SemesterTableViewController.h */,
				3F9C3568153FBCB1002FB67B /* SemesterTableViewController.m */,
			);
			name = Main;
			sourceTree = "<group>";
		};
		E09988471533953600C56ADC /* LoginViewController */ = {
			isa = PBXGroup;
			children = (
				E09988411533953000C56ADC /* LoginViewController.h */,
				E09988421533953000C56ADC /* LoginViewController.m */,
				E09988431533953000C56ADC /* LoginViewController.xib */,
			);
			name = LoginViewController;
			path = ..;
			sourceTree = "<group>";
		};
		E099884D1533955100C56ADC /* NewStudentViewController */ = {
			isa = PBXGroup;
			children = (
				E09988481533954B00C56ADC /* NewStudentViewController.h */,
				E09988491533954B00C56ADC /* NewStudentViewController.m */,
				E099884A1533954B00C56ADC /* NewStudentViewController.xib */,
			);
			name = NewStudentViewController;
			path = ..;
			sourceTree = "<group>";
		};
		E301AC4515320DC000EE05F9 /* SBJSON */ = {
			isa = PBXGroup;
			children = (
				E301AC4615320DD600EE05F9 /* NSObject+SBJson.h */,
				E301AC4715320DD600EE05F9 /* NSObject+SBJson.m */,
				E301AC4815320DD600EE05F9 /* SBJson.h */,
				E301AC4915320DD600EE05F9 /* SBJsonParser.h */,
				E301AC4A15320DD600EE05F9 /* SBJsonParser.m */,
				E301AC4B15320DD600EE05F9 /* SBJsonStreamParser.h */,
				E301AC4C15320DD600EE05F9 /* SBJsonStreamParser.m */,
				E301AC4D15320DD600EE05F9 /* SBJsonStreamParserAccumulator.h */,
				E301AC4E15320DD600EE05F9 /* SBJsonStreamParserAccumulator.m */,
				E301AC4F15320DD600EE05F9 /* SBJsonStreamParserAdapter.h */,
				E301AC5015320DD600EE05F9 /* SBJsonStreamParserAdapter.m */,
				E301AC5115320DD600EE05F9 /* SBJsonStreamParserState.h */,
				E301AC5215320DD600EE05F9 /* SBJsonStreamParserState.m */,
				E301AC5315320DD600EE05F9 /* SBJsonStreamWriter.h */,
				E301AC5415320DD600EE05F9 /* SBJsonStreamWriter.m */,
				E301AC5515320DD600EE05F9 /* SBJsonStreamWriterAccumulator.h */,
				E301AC5615320DD600EE05F9 /* SBJsonStreamWriterAccumulator.m */,
				E301AC5715320DD600EE05F9 /* SBJsonStreamWriterState.h */,
				E301AC5815320DD600EE05F9 /* SBJsonStreamWriterState.m */,
				E301AC5915320DD600EE05F9 /* SBJsonTokeniser.h */,
				E301AC5A15320DD600EE05F9 /* SBJsonTokeniser.m */,
				E301AC5B15320DD600EE05F9 /* SBJsonUTF8Stream.h */,
				E301AC5C15320DD600EE05F9 /* SBJsonUTF8Stream.m */,
				E301AC5D15320DD600EE05F9 /* SBJsonWriter.h */,
				E301AC5E15320DD600EE05F9 /* SBJsonWriter.m */,
			);
			path = SBJSON;
			sourceTree = "<group>";
		};
		E3861E3C153163F700D9073A /* Model */ = {
			isa = PBXGroup;
			children = (
				E39184FF153F72E10072B49B /* Helpers */,
				E3861E411531647600D9073A /* Student.h */,
				E3861E421531647600D9073A /* Student.m */,
				E301AC3E153209F500EE05F9 /* StudentRepo.h */,
				E301AC3F153209F500EE05F9 /* StudentRepo.m */,
				E3861E45153167BF00D9073A /* Department.h */,
				E3861E46153167BF00D9073A /* Department.m */,
				E301AC6E1532128200EE05F9 /* DepartmentRepo.h */,
				E301AC6F1532128200EE05F9 /* DepartmentRepo.m */,
				E3861E48153169C900D9073A /* Template.h */,
				E3861E49153169CA00D9073A /* Template.m */,
				E301AC6B15320F2200EE05F9 /* TemplateRepo.h */,
				E301AC6C15320F2200EE05F9 /* TemplateRepo.m */,
				E3861E4B15316A8200D9073A /* Semester.h */,
				E3861E4C15316A8200D9073A /* Semester.m */,
				E301AC4215320D2600EE05F9 /* SemesterRepo.h */,
				E301AC4315320D2600EE05F9 /* SemesterRepo.m */,
				E3861E441531658700D9073A /* SemesterDate.h */,
				E3CB4F171531753400D766DD /* SemesterDate.m */,
				E3861E3E1531642600D9073A /* Course.h */,
				E3861E3F1531642600D9073A /* Course.m */,
				E3CF9A4C1541C9490091EBBE /* CourseRepo.h */,
				E3CF9A4D1541C9490091EBBE /* CourseRepo.m */,
				E324D6AD1545BBF700CFA21D /* Area.h */,
				E324D6AE1545BBF700CFA21D /* Area.m */,
				E324D6B01545BC9000CFA21D /* AreaRepo.h */,
				E324D6B11545BC9000CFA21D /* AreaRepo.m */,
				E324D6B31545BD3200CFA21D /* GEPattern.h */,
				E324D6B41545BD3200CFA21D /* GEPattern.m */,
			);
			name = Model;
			sourceTree = "<group>";
		};
		E39184DF153F6E640072B49B /* ASIHttpRequest */ = {
			isa = PBXGroup;
			children = (
				E39184E0153F6E640072B49B /* ASIAuthenticationDialog.h */,
				E39184E1153F6E640072B49B /* ASIAuthenticationDialog.m */,
				E39184E2153F6E640072B49B /* ASICacheDelegate.h */,
				E39184E3153F6E640072B49B /* ASIDataCompressor.h */,
				E39184E4153F6E640072B49B /* ASIDataCompressor.m */,
				E39184E5153F6E640072B49B /* ASIDataDecompressor.h */,
				E39184E6153F6E640072B49B /* ASIDataDecompressor.m */,
				E39184E7153F6E640072B49B /* ASIDownloadCache.h */,
				E39184E8153F6E640072B49B /* ASIDownloadCache.m */,
				E39184E9153F6E640072B49B /* ASIFormDataRequest.h */,
				E39184EA153F6E640072B49B /* ASIFormDataRequest.m */,
				E39184EB153F6E640072B49B /* ASIHTTPRequest.h */,
				E39184EC153F6E640072B49B /* ASIHTTPRequest.m */,
				E39184ED153F6E640072B49B /* ASIHTTPRequestConfig.h */,
				E39184EE153F6E640072B49B /* ASIHTTPRequestDelegate.h */,
				E39184EF153F6E640072B49B /* ASIInputStream.h */,
				E39184F0153F6E640072B49B /* ASIInputStream.m */,
				E39184F1153F6E640072B49B /* ASINetworkQueue.h */,
				E39184F2153F6E640072B49B /* ASINetworkQueue.m */,
				E39184F3153F6E640072B49B /* ASIProgressDelegate.h */,
				E39184F4153F6E640072B49B /* Reachability.h */,
				E39184F5153F6E640072B49B /* Reachability.m */,
			);
			path = ASIHttpRequest;
			sourceTree = "<group>";
		};
		E39184FF153F72E10072B49B /* Helpers */ = {
			isa = PBXGroup;
			children = (
				E3A28007153617BE00053E40 /* Repo.h */,
				E3A28008153617BE00053E40 /* Repo.m */,
				E39184A0153F6A120072B49B /* ConnectOptions.h */,
				E39184A1153F6A120072B49B /* ConnectOptions.m */,
			);
			name = Helpers;
			sourceTree = "<group>";
		};
		E3CB4F1A1531756900D766DD /* DanielsWork */ = {
			isa = PBXGroup;
			children = (
				E3CB4F1F1531758100D766DD /* CourseDetailViewController.h */,
				E3CB4F201531758100D766DD /* CourseDetailViewController.m */,
				E3CB4F211531758100D766DD /* CourseDetailViewController.xib */,
			);
			name = DanielsWork;
			sourceTree = "<group>";
		};
/* End PBXGroup section */

/* Begin PBXNativeTarget section */
		3F5C6BB2152FB77000835DBA /* AdvisingAsistant */ = {
			isa = PBXNativeTarget;
			buildConfigurationList = 3F5C6BD7152FB77000835DBA /* Build configuration list for PBXNativeTarget "AdvisingAsistant" */;
			buildPhases = (
				3F5C6BAF152FB77000835DBA /* Sources */,
				3F5C6BB0152FB77000835DBA /* Frameworks */,
				3F5C6BB1152FB77000835DBA /* Resources */,
			);
			buildRules = (
			);
			dependencies = (
			);
			name = AdvisingAsistant;
			productName = AdvisingAsistant;
			productReference = 3F5C6BB3152FB77000835DBA /* AdvisingAsistant.app */;
			productType = "com.apple.product-type.application";
		};
/* End PBXNativeTarget section */

/* Begin PBXProject section */
		3F5C6BAA152FB77000835DBA /* Project object */ = {
			isa = PBXProject;
			attributes = {
				LastUpgradeCheck = 0430;
			};
			buildConfigurationList = 3F5C6BAD152FB77000835DBA /* Build configuration list for PBXProject "AdvisingAsistant" */;
			compatibilityVersion = "Xcode 3.2";
			developmentRegion = English;
			hasScannedForEncodings = 0;
			knownRegions = (
				en,
			);
			mainGroup = 3F5C6BA8152FB77000835DBA;
			productRefGroup = 3F5C6BB4152FB77000835DBA /* Products */;
			projectDirPath = "";
			projectRoot = "";
			targets = (
				3F5C6BB2152FB77000835DBA /* AdvisingAsistant */,
			);
		};
/* End PBXProject section */

/* Begin PBXResourcesBuildPhase section */
		3F5C6BB1152FB77000835DBA /* Resources */ = {
			isa = PBXResourcesBuildPhase;
			buildActionMask = 2147483647;
			files = (
				3F5C6BC2152FB77000835DBA /* InfoPlist.strings in Resources */,
				E3CB4F231531758100D766DD /* CourseDetailViewController.xib in Resources */,
				E09988451533953000C56ADC /* LoginViewController.xib in Resources */,
				E099884C1533954B00C56ADC /* NewStudentViewController.xib in Resources */,
				3FD0B4CA1536608C00C938E2 /* test.xib in Resources */,
			);
			runOnlyForDeploymentPostprocessing = 0;
		};
/* End PBXResourcesBuildPhase section */

/* Begin PBXSourcesBuildPhase section */
		3F5C6BAF152FB77000835DBA /* Sources */ = {
			isa = PBXSourcesBuildPhase;
			buildActionMask = 2147483647;
			files = (
				3F5C6BC4152FB77000835DBA /* main.m in Sources */,
				3F5C6BC8152FB77000835DBA /* AppDelegate.m in Sources */,
				E3861E401531642600D9073A /* Course.m in Sources */,
				E3861E431531647600D9073A /* Student.m in Sources */,
				E3861E47153167BF00D9073A /* Department.m in Sources */,
				E3861E4A153169CA00D9073A /* Template.m in Sources */,
				E3861E4D15316A8200D9073A /* Semester.m in Sources */,
				E3CB4F181531753400D766DD /* SemesterDate.m in Sources */,
				E3CB4F221531758100D766DD /* CourseDetailViewController.m in Sources */,
				E301AC40153209F500EE05F9 /* StudentRepo.m in Sources */,
				E301AC4415320D2600EE05F9 /* SemesterRepo.m in Sources */,
				E301AC5F15320DD600EE05F9 /* NSObject+SBJson.m in Sources */,
				E301AC6015320DD600EE05F9 /* SBJsonParser.m in Sources */,
				E301AC6115320DD600EE05F9 /* SBJsonStreamParser.m in Sources */,
				E301AC6215320DD600EE05F9 /* SBJsonStreamParserAccumulator.m in Sources */,
				E301AC6315320DD600EE05F9 /* SBJsonStreamParserAdapter.m in Sources */,
				E301AC6415320DD600EE05F9 /* SBJsonStreamParserState.m in Sources */,
				E301AC6515320DD600EE05F9 /* SBJsonStreamWriter.m in Sources */,
				E301AC6615320DD600EE05F9 /* SBJsonStreamWriterAccumulator.m in Sources */,
				E301AC6715320DD600EE05F9 /* SBJsonStreamWriterState.m in Sources */,
				E301AC6815320DD600EE05F9 /* SBJsonTokeniser.m in Sources */,
				E301AC6915320DD600EE05F9 /* SBJsonUTF8Stream.m in Sources */,
				E301AC6A15320DD600EE05F9 /* SBJsonWriter.m in Sources */,
				E301AC6D15320F2200EE05F9 /* TemplateRepo.m in Sources */,
				E301AC701532128300EE05F9 /* DepartmentRepo.m in Sources */,
				E09988441533953000C56ADC /* LoginViewController.m in Sources */,
				E099884B1533954B00C56ADC /* NewStudentViewController.m in Sources */,
				E3A28009153617BF00053E40 /* Repo.m in Sources */,
				3FD0B4C91536608C00C938E2 /* ScheduleBuilderViewController.m in Sources */,
				E39184A2153F6A120072B49B /* ConnectOptions.m in Sources */,
				E39184F6153F6E640072B49B /* ASIAuthenticationDialog.m in Sources */,
				E39184F7153F6E640072B49B /* ASIDataCompressor.m in Sources */,
				E39184F8153F6E640072B49B /* ASIDataDecompressor.m in Sources */,
				E39184F9153F6E640072B49B /* ASIDownloadCache.m in Sources */,
				E39184FA153F6E640072B49B /* ASIFormDataRequest.m in Sources */,
				E39184FB153F6E640072B49B /* ASIHTTPRequest.m in Sources */,
				E39184FC153F6E640072B49B /* ASIInputStream.m in Sources */,
				E39184FD153F6E640072B49B /* ASINetworkQueue.m in Sources */,
				E39184FE153F6E640072B49B /* Reachability.m in Sources */,
				3F9C3566153FB4B5002FB67B /* SideTableViewController.m in Sources */,
				3F9C3569153FBCB2002FB67B /* SemesterTableViewController.m in Sources */,
				E3CF9A4E1541C9490091EBBE /* CourseRepo.m in Sources */,
				E3CF9A551541DBC50091EBBE /* NSMutableDictionary+setInt.m in Sources */,
				E324D6AF1545BBF700CFA21D /* Area.m in Sources */,
				E324D6B21545BC9000CFA21D /* AreaRepo.m in Sources */,
				E324D6B51545BD3200CFA21D /* GEPattern.m in Sources */,
			);
			runOnlyForDeploymentPostprocessing = 0;
		};
/* End PBXSourcesBuildPhase section */

/* Begin PBXVariantGroup section */
		3F5C6BC0152FB77000835DBA /* InfoPlist.strings */ = {
			isa = PBXVariantGroup;
			children = (
				3F5C6BC1152FB77000835DBA /* en */,
			);
			name = InfoPlist.strings;
			sourceTree = "<group>";
		};
/* End PBXVariantGroup section */

/* Begin XCBuildConfiguration section */
		3F5C6BD5152FB77000835DBA /* Debug */ = {
			isa = XCBuildConfiguration;
			buildSettings = {
				ALWAYS_SEARCH_USER_PATHS = NO;
				ARCHS = "$(ARCHS_STANDARD_32_BIT)";
				"CODE_SIGN_IDENTITY[sdk=iphoneos*]" = "iPhone Developer";
				COPY_PHASE_STRIP = NO;
				GCC_C_LANGUAGE_STANDARD = gnu99;
				GCC_DYNAMIC_NO_PIC = NO;
				GCC_OPTIMIZATION_LEVEL = 0;
				GCC_PREPROCESSOR_DEFINITIONS = (
					"DEBUG=1",
					"$(inherited)",
				);
				GCC_SYMBOLS_PRIVATE_EXTERN = NO;
				GCC_VERSION = com.apple.compilers.llvm.clang.1_0;
				GCC_WARN_ABOUT_MISSING_PROTOTYPES = YES;
				GCC_WARN_ABOUT_RETURN_TYPE = YES;
				GCC_WARN_UNUSED_VARIABLE = YES;
				IPHONEOS_DEPLOYMENT_TARGET = 5.0;
				SDKROOT = iphoneos;
				TARGETED_DEVICE_FAMILY = 2;
			};
			name = Debug;
		};
		3F5C6BD6152FB77000835DBA /* Release */ = {
			isa = XCBuildConfiguration;
			buildSettings = {
				ALWAYS_SEARCH_USER_PATHS = NO;
				ARCHS = "$(ARCHS_STANDARD_32_BIT)";
				"CODE_SIGN_IDENTITY[sdk=iphoneos*]" = "iPhone Developer";
				COPY_PHASE_STRIP = YES;
				GCC_C_LANGUAGE_STANDARD = gnu99;
				GCC_VERSION = com.apple.compilers.llvm.clang.1_0;
				GCC_WARN_ABOUT_MISSING_PROTOTYPES = YES;
				GCC_WARN_ABOUT_RETURN_TYPE = YES;
				GCC_WARN_UNUSED_VARIABLE = YES;
				IPHONEOS_DEPLOYMENT_TARGET = 5.0;
				OTHER_CFLAGS = "-DNS_BLOCK_ASSERTIONS=1";
				SDKROOT = iphoneos;
				TARGETED_DEVICE_FAMILY = 2;
				VALIDATE_PRODUCT = YES;
			};
			name = Release;
		};
		3F5C6BD8152FB77000835DBA /* Debug */ = {
			isa = XCBuildConfiguration;
			buildSettings = {
				GCC_PRECOMPILE_PREFIX_HEADER = YES;
				GCC_PREFIX_HEADER = "AdvisingAsistant/AdvisingAsistant-Prefix.pch";
				INFOPLIST_FILE = "AdvisingAsistant/AdvisingAsistant-Info.plist";
				PRODUCT_NAME = "$(TARGET_NAME)";
				TARGETED_DEVICE_FAMILY = 2;
				WRAPPER_EXTENSION = app;
			};
			name = Debug;
		};
		3F5C6BD9152FB77000835DBA /* Release */ = {
			isa = XCBuildConfiguration;
			buildSettings = {
				GCC_PRECOMPILE_PREFIX_HEADER = YES;
				GCC_PREFIX_HEADER = "AdvisingAsistant/AdvisingAsistant-Prefix.pch";
				INFOPLIST_FILE = "AdvisingAsistant/AdvisingAsistant-Info.plist";
				PRODUCT_NAME = "$(TARGET_NAME)";
				TARGETED_DEVICE_FAMILY = 2;
				WRAPPER_EXTENSION = app;
			};
			name = Release;
		};
/* End XCBuildConfiguration section */

/* Begin XCConfigurationList section */
		3F5C6BAD152FB77000835DBA /* Build configuration list for PBXProject "AdvisingAsistant" */ = {
			isa = XCConfigurationList;
			buildConfigurations = (
				3F5C6BD5152FB77000835DBA /* Debug */,
				3F5C6BD6152FB77000835DBA /* Release */,
			);
			defaultConfigurationIsVisible = 0;
			defaultConfigurationName = Release;
		};
		3F5C6BD7152FB77000835DBA /* Build configuration list for PBXNativeTarget "AdvisingAsistant" */ = {
			isa = XCConfigurationList;
			buildConfigurations = (
				3F5C6BD8152FB77000835DBA /* Debug */,
				3F5C6BD9152FB77000835DBA /* Release */,
			);
			defaultConfigurationIsVisible = 0;
			defaultConfigurationName = Release;
		};
/* End XCConfigurationList section */
	};
	rootObject = 3F5C6BAA152FB77000835DBA /* Project object */;
}
