// !$*UTF8*$!
{
	archiveVersion = 1;
	classes = {
	};
	objectVersion = 46;
	objects = {

/* Begin PBXBuildFile section */
		3C0D4EB0152FB638006D4805 /* CourseDetailViewController.m in Sources */ = {isa = PBXBuildFile; fileRef = 3C0D4EAE152FB638006D4805 /* CourseDetailViewController.m */; };
		3C0D4EB1152FB638006D4805 /* CourseDetailViewController.xib in Resources */ = {isa = PBXBuildFile; fileRef = 3C0D4EAF152FB638006D4805 /* CourseDetailViewController.xib */; };
		3F8699B9152F9CBF00C06071 /* UIKit.framework in Frameworks */ = {isa = PBXBuildFile; fileRef = 3F8699B8152F9CBF00C06071 /* UIKit.framework */; };
		3F8699BB152F9CBF00C06071 /* Foundation.framework in Frameworks */ = {isa = PBXBuildFile; fileRef = 3F8699BA152F9CBF00C06071 /* Foundation.framework */; };
		3F8699BD152F9CBF00C06071 /* CoreGraphics.framework in Frameworks */ = {isa = PBXBuildFile; fileRef = 3F8699BC152F9CBF00C06071 /* CoreGraphics.framework */; };
		3F8699C3152F9CBF00C06071 /* InfoPlist.strings in Resources */ = {isa = PBXBuildFile; fileRef = 3F8699C1152F9CBF00C06071 /* InfoPlist.strings */; };
		3F8699C5152F9CBF00C06071 /* main.m in Sources */ = {isa = PBXBuildFile; fileRef = 3F8699C4152F9CBF00C06071 /* main.m */; };
		3F8699C9152F9CBF00C06071 /* AppDelegate.m in Sources */ = {isa = PBXBuildFile; fileRef = 3F8699C8152F9CBF00C06071 /* AppDelegate.m */; };
/* End PBXBuildFile section */

/* Begin PBXFileReference section */
		3C0D4EAD152FB638006D4805 /* CourseDetailViewController.h */ = {isa = PBXFileReference; fileEncoding = 4; lastKnownFileType = sourcecode.c.h; path = CourseDetailViewController.h; sourceTree = "<group>"; };
		3C0D4EAE152FB638006D4805 /* CourseDetailViewController.m */ = {isa = PBXFileReference; fileEncoding = 4; lastKnownFileType = sourcecode.c.objc; path = CourseDetailViewController.m; sourceTree = "<group>"; };
		3C0D4EAF152FB638006D4805 /* CourseDetailViewController.xib */ = {isa = PBXFileReference; fileEncoding = 4; lastKnownFileType = file.xib; path = CourseDetailViewController.xib; sourceTree = "<group>"; };
		3F8699B4152F9CBF00C06071 /* AdvisingAssistant.app */ = {isa = PBXFileReference; explicitFileType = wrapper.application; includeInIndex = 0; path = AdvisingAssistant.app; sourceTree = BUILT_PRODUCTS_DIR; };
		3F8699B8152F9CBF00C06071 /* UIKit.framework */ = {isa = PBXFileReference; lastKnownFileType = wrapper.framework; name = UIKit.framework; path = System/Library/Frameworks/UIKit.framework; sourceTree = SDKROOT; };
		3F8699BA152F9CBF00C06071 /* Foundation.framework */ = {isa = PBXFileReference; lastKnownFileType = wrapper.framework; name = Foundation.framework; path = System/Library/Frameworks/Foundation.framework; sourceTree = SDKROOT; };
		3F8699BC152F9CBF00C06071 /* CoreGraphics.framework */ = {isa = PBXFileReference; lastKnownFileType = wrapper.framework; name = CoreGraphics.framework; path = System/Library/Frameworks/CoreGraphics.framework; sourceTree = SDKROOT; };
		3F8699C0152F9CBF00C06071 /* AdvisingAssistant-Info.plist */ = {isa = PBXFileReference; lastKnownFileType = text.plist.xml; path = "AdvisingAssistant-Info.plist"; sourceTree = "<group>"; };
		3F8699C2152F9CBF00C06071 /* en */ = {isa = PBXFileReference; lastKnownFileType = text.plist.strings; name = en; path = en.lproj/InfoPlist.strings; sourceTree = "<group>"; };
		3F8699C4152F9CBF00C06071 /* main.m */ = {isa = PBXFileReference; lastKnownFileType = sourcecode.c.objc; path = main.m; sourceTree = "<group>"; };
		3F8699C6152F9CBF00C06071 /* AdvisingAssistant-Prefix.pch */ = {isa = PBXFileReference; lastKnownFileType = sourcecode.c.h; path = "AdvisingAssistant-Prefix.pch"; sourceTree = "<group>"; };
		3F8699C7152F9CBF00C06071 /* AppDelegate.h */ = {isa = PBXFileReference; lastKnownFileType = sourcecode.c.h; path = AppDelegate.h; sourceTree = "<group>"; };
		3F8699C8152F9CBF00C06071 /* AppDelegate.m */ = {isa = PBXFileReference; lastKnownFileType = sourcecode.c.objc; path = AppDelegate.m; sourceTree = "<group>"; };
/* End PBXFileReference section */

/* Begin PBXFrameworksBuildPhase section */
		3F8699B1152F9CBF00C06071 /* Frameworks */ = {
			isa = PBXFrameworksBuildPhase;
			buildActionMask = 2147483647;
			files = (
				3F8699B9152F9CBF00C06071 /* UIKit.framework in Frameworks */,
				3F8699BB152F9CBF00C06071 /* Foundation.framework in Frameworks */,
				3F8699BD152F9CBF00C06071 /* CoreGraphics.framework in Frameworks */,
			);
			runOnlyForDeploymentPostprocessing = 0;
		};
/* End PBXFrameworksBuildPhase section */

/* Begin PBXGroup section */
		3C0D4EB3152FB649006D4805 /* DanielsWork */ = {
			isa = PBXGroup;
			children = (
				3C0D4EAD152FB638006D4805 /* CourseDetailViewController.h */,
				3C0D4EAE152FB638006D4805 /* CourseDetailViewController.m */,
				3C0D4EAF152FB638006D4805 /* CourseDetailViewController.xib */,
			);
			name = DanielsWork;
			sourceTree = "<group>";
		};
		3F8699A9152F9CBF00C06071 = {
			isa = PBXGroup;
			children = (
				3F8699BE152F9CBF00C06071 /* AdvisingAssistant */,
				3F8699B7152F9CBF00C06071 /* Frameworks */,
				3F8699B5152F9CBF00C06071 /* Products */,
			);
			sourceTree = "<group>";
		};
		3F8699B5152F9CBF00C06071 /* Products */ = {
			isa = PBXGroup;
			children = (
				3F8699B4152F9CBF00C06071 /* AdvisingAssistant.app */,
			);
			name = Products;
			sourceTree = "<group>";
		};
		3F8699B7152F9CBF00C06071 /* Frameworks */ = {
			isa = PBXGroup;
			children = (
				3F8699B8152F9CBF00C06071 /* UIKit.framework */,
				3F8699BA152F9CBF00C06071 /* Foundation.framework */,
				3F8699BC152F9CBF00C06071 /* CoreGraphics.framework */,
			);
			name = Frameworks;
			sourceTree = "<group>";
		};
		3F8699BE152F9CBF00C06071 /* AdvisingAssistant */ = {
			isa = PBXGroup;
			children = (
				3F8699C7152F9CBF00C06071 /* AppDelegate.h */,
				3F8699C8152F9CBF00C06071 /* AppDelegate.m */,
				3C0D4EB3152FB649006D4805 /* DanielsWork */,
				3F8699BF152F9CBF00C06071 /* Supporting Files */,
			);
			path = AdvisingAssistant;
			sourceTree = "<group>";
		};
		3F8699BF152F9CBF00C06071 /* Supporting Files */ = {
			isa = PBXGroup;
			children = (
				3F8699C0152F9CBF00C06071 /* AdvisingAssistant-Info.plist */,
				3F8699C1152F9CBF00C06071 /* InfoPlist.strings */,
				3F8699C4152F9CBF00C06071 /* main.m */,
				3F8699C6152F9CBF00C06071 /* AdvisingAssistant-Prefix.pch */,
			);
			name = "Supporting Files";
			sourceTree = "<group>";
		};
/* End PBXGroup section */

/* Begin PBXNativeTarget section */
		3F8699B3152F9CBF00C06071 /* AdvisingAssistant */ = {
			isa = PBXNativeTarget;
			buildConfigurationList = 3F8699CC152F9CBF00C06071 /* Build configuration list for PBXNativeTarget "AdvisingAssistant" */;
			buildPhases = (
				3F8699B0152F9CBF00C06071 /* Sources */,
				3F8699B1152F9CBF00C06071 /* Frameworks */,
				3F8699B2152F9CBF00C06071 /* Resources */,
			);
			buildRules = (
			);
			dependencies = (
			);
			name = AdvisingAssistant;
			productName = AdvisingAssistant;
			productReference = 3F8699B4152F9CBF00C06071 /* AdvisingAssistant.app */;
			productType = "com.apple.product-type.application";
		};
/* End PBXNativeTarget section */

/* Begin PBXProject section */
		3F8699AB152F9CBF00C06071 /* Project object */ = {
			isa = PBXProject;
			attributes = {
				LastUpgradeCheck = 0420;
			};
			buildConfigurationList = 3F8699AE152F9CBF00C06071 /* Build configuration list for PBXProject "AdvisingAssistant" */;
			compatibilityVersion = "Xcode 3.2";
			developmentRegion = English;
			hasScannedForEncodings = 0;
			knownRegions = (
				en,
			);
			mainGroup = 3F8699A9152F9CBF00C06071;
			productRefGroup = 3F8699B5152F9CBF00C06071 /* Products */;
			projectDirPath = "";
			projectRoot = "";
			targets = (
				3F8699B3152F9CBF00C06071 /* AdvisingAssistant */,
			);
		};
/* End PBXProject section */

/* Begin PBXResourcesBuildPhase section */
		3F8699B2152F9CBF00C06071 /* Resources */ = {
			isa = PBXResourcesBuildPhase;
			buildActionMask = 2147483647;
			files = (
				3F8699C3152F9CBF00C06071 /* InfoPlist.strings in Resources */,
				3C0D4EB1152FB638006D4805 /* CourseDetailViewController.xib in Resources */,
			);
			runOnlyForDeploymentPostprocessing = 0;
		};
/* End PBXResourcesBuildPhase section */

/* Begin PBXSourcesBuildPhase section */
		3F8699B0152F9CBF00C06071 /* Sources */ = {
			isa = PBXSourcesBuildPhase;
			buildActionMask = 2147483647;
			files = (
				3F8699C5152F9CBF00C06071 /* main.m in Sources */,
				3F8699C9152F9CBF00C06071 /* AppDelegate.m in Sources */,
				3C0D4EB0152FB638006D4805 /* CourseDetailViewController.m in Sources */,
			);
			runOnlyForDeploymentPostprocessing = 0;
		};
/* End PBXSourcesBuildPhase section */

/* Begin PBXVariantGroup section */
		3F8699C1152F9CBF00C06071 /* InfoPlist.strings */ = {
			isa = PBXVariantGroup;
			children = (
				3F8699C2152F9CBF00C06071 /* en */,
			);
			name = InfoPlist.strings;
			sourceTree = "<group>";
		};
/* End PBXVariantGroup section */

/* Begin XCBuildConfiguration section */
		3F8699CA152F9CBF00C06071 /* Debug */ = {
			isa = XCBuildConfiguration;
			buildSettings = {
				ALWAYS_SEARCH_USER_PATHS = NO;
				ARCHS = "$(ARCHS_STANDARD_32_BIT)";
				"CODE_SIGN_IDENTITY[sdk=iphoneos*]" = "iPhone Developer";
				COPY_PHASE_STRIP = NO;
				GCC_C_LANGUAGE_STANDARD = gnu99;
				GCC_DYNAMIC_NO_PIC = NO;
				GCC_OPTIMIZATION_LEVEL = 0;
				GCC_PREPROCESSOR_DEFINITIONS = (
					"DEBUG=1",
					"$(inherited)",
				);
				GCC_SYMBOLS_PRIVATE_EXTERN = NO;
				GCC_VERSION = com.apple.compilers.llvm.clang.1_0;
				GCC_WARN_ABOUT_MISSING_PROTOTYPES = YES;
				GCC_WARN_ABOUT_RETURN_TYPE = YES;
				GCC_WARN_UNUSED_VARIABLE = YES;
				IPHONEOS_DEPLOYMENT_TARGET = 5.0;
				SDKROOT = iphoneos;
				TARGETED_DEVICE_FAMILY = 2;
			};
			name = Debug;
		};
		3F8699CB152F9CBF00C06071 /* Release */ = {
			isa = XCBuildConfiguration;
			buildSettings = {
				ALWAYS_SEARCH_USER_PATHS = NO;
				ARCHS = "$(ARCHS_STANDARD_32_BIT)";
				"CODE_SIGN_IDENTITY[sdk=iphoneos*]" = "iPhone Developer";
				COPY_PHASE_STRIP = YES;
				GCC_C_LANGUAGE_STANDARD = gnu99;
				GCC_VERSION = com.apple.compilers.llvm.clang.1_0;
				GCC_WARN_ABOUT_MISSING_PROTOTYPES = YES;
				GCC_WARN_ABOUT_RETURN_TYPE = YES;
				GCC_WARN_UNUSED_VARIABLE = YES;
				IPHONEOS_DEPLOYMENT_TARGET = 5.0;
				OTHER_CFLAGS = "-DNS_BLOCK_ASSERTIONS=1";
				SDKROOT = iphoneos;
				TARGETED_DEVICE_FAMILY = 2;
				VALIDATE_PRODUCT = YES;
			};
			name = Release;
		};
		3F8699CD152F9CBF00C06071 /* Debug */ = {
			isa = XCBuildConfiguration;
			buildSettings = {
				GCC_PRECOMPILE_PREFIX_HEADER = YES;
				GCC_PREFIX_HEADER = "AdvisingAssistant/AdvisingAssistant-Prefix.pch";
				INFOPLIST_FILE = "AdvisingAssistant/AdvisingAssistant-Info.plist";
				PRODUCT_NAME = "$(TARGET_NAME)";
				WRAPPER_EXTENSION = app;
			};
			name = Debug;
		};
		3F8699CE152F9CBF00C06071 /* Release */ = {
			isa = XCBuildConfiguration;
			buildSettings = {
				GCC_PRECOMPILE_PREFIX_HEADER = YES;
				GCC_PREFIX_HEADER = "AdvisingAssistant/AdvisingAssistant-Prefix.pch";
				INFOPLIST_FILE = "AdvisingAssistant/AdvisingAssistant-Info.plist";
				PRODUCT_NAME = "$(TARGET_NAME)";
				WRAPPER_EXTENSION = app;
			};
			name = Release;
		};
/* End XCBuildConfiguration section */

/* Begin XCConfigurationList section */
		3F8699AE152F9CBF00C06071 /* Build configuration list for PBXProject "AdvisingAssistant" */ = {
			isa = XCConfigurationList;
			buildConfigurations = (
				3F8699CA152F9CBF00C06071 /* Debug */,
				3F8699CB152F9CBF00C06071 /* Release */,
			);
			defaultConfigurationIsVisible = 0;
			defaultConfigurationName = Release;
		};
		3F8699CC152F9CBF00C06071 /* Build configuration list for PBXNativeTarget "AdvisingAssistant" */ = {
			isa = XCConfigurationList;
			buildConfigurations = (
				3F8699CD152F9CBF00C06071 /* Debug */,
				3F8699CE152F9CBF00C06071 /* Release */,
			);
			defaultConfigurationIsVisible = 0;
			defaultConfigurationName = Release;
		};
/* End XCConfigurationList section */
	};
	rootObject = 3F8699AB152F9CBF00C06071 /* Project object */;
}
